
Microsoft Visual Studio Solution File, Format Version 12.00
# Visual Studio 15
VisualStudioVersion = 15.0.27428.2002
MinimumVisualStudioVersion = 10.0.40219.1
Project("{FAE04EC0-301F-11D3-BF4B-00C04F79EFBC}") = "Guernica", "Guernica2\Guernica.csproj", "{44144668-74C9-4936-AA1A-58AECFD44FAF}"
EndProject
Global
	GlobalSection(SolutionConfigurationPlatforms) = preSolution
		Debug|Any CPU = Debug|Any CPU
		Release|Any CPU = Release|Any CPU
	EndGlobalSection
	GlobalSection(ProjectConfigurationPlatforms) = postSolution
		{44144668-74C9-4936-AA1A-58AECFD44FAF}.Debug|Any CPU.ActiveCfg = Debug|Any CPU
		{44144668-74C9-4936-AA1A-58AECFD44FAF}.Debug|Any CPU.Build.0 = Debug|Any CPU
		{44144668-74C9-4936-AA1A-58AECFD44FAF}.Release|Any CPU.ActiveCfg = Release|Any CPU
		{44144668-74C9-4936-AA1A-58AECFD44FAF}.Release|Any CPU.Build.0 = Release|Any CPU
	EndGlobalSection
	GlobalSection(SolutionProperties) = preSolution
		HideSolutionNode = FALSE
	EndGlobalSection
	GlobalSection(ExtensibilityGlobals) = postSolution
		SolutionGuid = {C7BA6944-8101-4C5A-8ED0-5D2BC6F492C3}
	EndGlobalSection
EndGlobal
